
Microsoft Visual Studio Solution File, Format Version 12.00
# Visual Studio Version 16
VisualStudioVersion = 16.0.31205.134
MinimumVisualStudioVersion = 10.0.40219.1
Project("{FAE04EC0-301F-11D3-BF4B-00C04F79EFBC}") = "SNAKE 2.0 +", "SNAKE 2.0 +.csproj", "{047CE799-740E-4B89-AE90-5308EEC81D4C}"
EndProject
Global
	GlobalSection(SolutionConfigurationPlatforms) = preSolution
		Debug|Any CPU = Debug|Any CPU
		Release|Any CPU = Release|Any CPU
	EndGlobalSection
	GlobalSection(ProjectConfigurationPlatforms) = postSolution
		{047CE799-740E-4B89-AE90-5308EEC81D4C}.Debug|Any CPU.ActiveCfg = Debug|Any CPU
		{047CE799-740E-4B89-AE90-5308EEC81D4C}.Debug|Any CPU.Build.0 = Debug|Any CPU
		{047CE799-740E-4B89-AE90-5308EEC81D4C}.Release|Any CPU.ActiveCfg = Release|Any CPU
		{047CE799-740E-4B89-AE90-5308EEC81D4C}.Release|Any CPU.Build.0 = Release|Any CPU
	EndGlobalSection
	GlobalSection(SolutionProperties) = preSolution
		HideSolutionNode = FALSE
	EndGlobalSection
	GlobalSection(ExtensibilityGlobals) = postSolution
		SolutionGuid = {B7AC2350-8B14-443E-AE7B-789157D26153}
	EndGlobalSection
EndGlobal
